{
  "name": "my-json",
  "version": "1.0.0",
  "lockfileVersion": 2,
  "requires": true,
  "packages": {
    "": {
      "name": "my-json",
      "version": "1.0.0",
      "license": "ISC",
      "dependencies": {
        "JSON2": "^0.1.0"
      }
    },
    "node_modules/JSON2": {
      "version": "0.1.0",
      "resolved": "https://registry.npmjs.org/JSON2/-/JSON2-0.1.0.tgz",
      "integrity": "sha1-jXSTBApj1YNa919H3suDq2yMB5A=",
      "engines": {
        "node": "*"
      }
    }
  },
  "dependencies": {
    "JSON2": {
      "version": "0.1.0",
      "resolved": "https://registry.npmjs.org/JSON2/-/JSON2-0.1.0.tgz",
      "integrity": "sha1-jXSTBApj1YNa919H3suDq2yMB5A="
    }
  }
}
